<?xml version="1.0" encoding="utf-8"?>
<Project ToolsVersion="4.0" xmlns="http://schemas.microsoft.com/developer/msbuild/2003">
  <ItemGroup>
    <Filter Include="Resource Files">
      <UniqueIdentifier>{67DA6AB6-F800-4c08-8B7A-83BB121AAD01}</UniqueIdentifier>
      <Extensions>rc;ico;cur;bmp;dlg;rc2;rct;bin;rgs;gif;jpg;jpeg;jpe;resx;tiff;tif;png;wav;mfcribbon-ms</Extensions>
    </Filter>
    <Filter Include="MFC Source">
      <UniqueIdentifier>{4FC737F1-C7A5-4376-A066-2A32D752A2FF}</UniqueIdentifier>
      <Extensions>cpp;c;cc;cxx;c++;cppm;ixx;def;odl;idl;hpj;bat;asm;asmx</Extensions>
    </Filter>
    <Filter Include="Bread">
      <UniqueIdentifier>{1d7610d6-98f2-4aac-a923-27a739db88a2}</UniqueIdentifier>
    </Filter>
    <Filter Include="Butter">
      <UniqueIdentifier>{a0b071a2-e113-4e40-b263-9dbb5a59e7d6}</UniqueIdentifier>
    </Filter>
  </ItemGroup>
  <ItemGroup>
    <ClInclude Include="BigJsonTreeViewMfc.h">
      <Filter>MFC Source</Filter>
    </ClInclude>
    <ClInclude Include="BigJsonTreeViewMfcDoc.h">
      <Filter>MFC Source</Filter>
    </ClInclude>
    <ClInclude Include="BigJsonTreeViewMfcView.h">
      <Filter>MFC Source</Filter>
    </ClInclude>
    <ClInclude Include="calendarbar.h">
      <Filter>MFC Source</Filter>
    </ClInclude>
    <ClInclude Include="ChildFrm.h">
      <Filter>MFC Source</Filter>
    </ClInclude>
    <ClInclude Include="ClassView.h">
      <Filter>MFC Source</Filter>
    </ClInclude>
    <ClInclude Include="FileView.h">
      <Filter>MFC Source</Filter>
    </ClInclude>
    <ClInclude Include="framework.h">
      <Filter>MFC Source</Filter>
    </ClInclude>
    <ClInclude Include="MainFrm.h">
      <Filter>MFC Source</Filter>
    </ClInclude>
    <ClInclude Include="OutputWnd.h">
      <Filter>MFC Source</Filter>
    </ClInclude>
    <ClInclude Include="pch.h">
      <Filter>MFC Source</Filter>
    </ClInclude>
    <ClInclude Include="PropertiesWnd.h">
      <Filter>MFC Source</Filter>
    </ClInclude>
    <ClInclude Include="Resource.h">
      <Filter>MFC Source</Filter>
    </ClInclude>
    <ClInclude Include="targetver.h">
      <Filter>MFC Source</Filter>
    </ClInclude>
    <ClInclude Include="ViewTree.h">
      <Filter>MFC Source</Filter>
    </ClInclude>
    <ClInclude Include="Bread\FileLoading.h">
      <Filter>Bread</Filter>
    </ClInclude>
    <ClInclude Include="Bread\FileState.h">
      <Filter>Bread</Filter>
    </ClInclude>
    <ClInclude Include="Bread\OpenFileManager.h">
      <Filter>Bread</Filter>
    </ClInclude>
    <ClInclude Include="Butter\Log.h">
      <Filter>Butter</Filter>
    </ClInclude>
    <ClInclude Include="Butter\LoggerImpl.h">
      <Filter>Butter</Filter>
    </ClInclude>
    <ClInclude Include="Bread\Timer.h">
      <Filter>Bread</Filter>
    </ClInclude>
  </ItemGroup>
  <ItemGroup>
    <ClCompile Include="BigJsonTreeViewMfc.cpp">
      <Filter>MFC Source</Filter>
    </ClCompile>
    <ClCompile Include="MainFrm.cpp">
      <Filter>MFC Source</Filter>
    </ClCompile>
    <ClCompile Include="ChildFrm.cpp">
      <Filter>MFC Source</Filter>
    </ClCompile>
    <ClCompile Include="BigJsonTreeViewMfcDoc.cpp">
      <Filter>MFC Source</Filter>
    </ClCompile>
    <ClCompile Include="BigJsonTreeViewMfcView.cpp">
      <Filter>MFC Source</Filter>
    </ClCompile>
    <ClCompile Include="FileView.cpp">
      <Filter>MFC Source</Filter>
    </ClCompile>
    <ClCompile Include="ClassView.cpp">
      <Filter>MFC Source</Filter>
    </ClCompile>
    <ClCompile Include="ViewTree.cpp">
      <Filter>MFC Source</Filter>
    </ClCompile>
    <ClCompile Include="OutputWnd.cpp">
      <Filter>MFC Source</Filter>
    </ClCompile>
    <ClCompile Include="PropertiesWnd.cpp">
      <Filter>MFC Source</Filter>
    </ClCompile>
    <ClCompile Include="calendarbar.cpp">
      <Filter>MFC Source</Filter>
    </ClCompile>
    <ClCompile Include="pch.cpp">
      <Filter>MFC Source</Filter>
    </ClCompile>
    <ClCompile Include="Bread\FileLoader.cpp">
      <Filter>Bread</Filter>
    </ClCompile>
    <ClCompile Include="Bread\FileState.cpp">
      <Filter>Bread</Filter>
    </ClCompile>
    <ClCompile Include="Bread\OpenFileManager.cpp">
      <Filter>Bread</Filter>
    </ClCompile>
    <ClCompile Include="Butter\Log.cpp">
      <Filter>Butter</Filter>
    </ClCompile>
    <ClCompile Include="Butter\LoggerImpl.cpp">
      <Filter>Butter</Filter>
    </ClCompile>
    <ClCompile Include="Bread\FileLoading.cpp">
      <Filter>Bread</Filter>
    </ClCompile>
  </ItemGroup>
  <ItemGroup>
    <ResourceCompile Include="BigJsonTreeViewMfc.rc">
      <Filter>Resource Files</Filter>
    </ResourceCompile>
  </ItemGroup>
  <ItemGroup>
    <Image Include="res\file_view.ico">
      <Filter>Resource Files</Filter>
    </Image>
    <Image Include="res\file_view_hc.ico">
      <Filter>Resource Files</Filter>
    </Image>
    <Image Include="res\class_view.ico">
      <Filter>Resource Files</Filter>
    </Image>
    <Image Include="res\class_view_hc.ico">
      <Filter>Resource Files</Filter>
    </Image>
    <Image Include="res\fileview.bmp">
      <Filter>Resource Files</Filter>
    </Image>
    <Image Include="res\fileview_hc.bmp">
      <Filter>Resource Files</Filter>
    </Image>
    <Image Include="res\classview.bmp">
      <Filter>Resource Files</Filter>
    </Image>
    <Image Include="res\classview_hc.bmp">
      <Filter>Resource Files</Filter>
    </Image>
    <Image Include="res\explorer.bmp">
      <Filter>Resource Files</Filter>
    </Image>
    <Image Include="res\explorer_hc.bmp">
      <Filter>Resource Files</Filter>
    </Image>
    <Image Include="res\sort.bmp">
      <Filter>Resource Files</Filter>
    </Image>
    <Image Include="res\sort_hc.bmp">
      <Filter>Resource Files</Filter>
    </Image>
    <Image Include="res\menuimages.bmp">
      <Filter>Resource Files</Filter>
    </Image>
    <Image Include="res\menuimages_hc.bmp">
      <Filter>Resource Files</Filter>
    </Image>
    <Image Include="res\output_wnd.ico">
      <Filter>Resource Files</Filter>
    </Image>
    <Image Include="res\output_wnd_hc.ico">
      <Filter>Resource Files</Filter>
    </Image>
    <Image Include="res\properties_wnd.ico">
      <Filter>Resource Files</Filter>
    </Image>
    <Image Include="res\properties_wnd_hc.ico">
      <Filter>Resource Files</Filter>
    </Image>
    <Image Include="res\properties.bmp">
      <Filter>Resource Files</Filter>
    </Image>
    <Image Include="res\properties_hc.bmp">
      <Filter>Resource Files</Filter>
    </Image>
    <Image Include="res\nav_large.bmp">
      <Filter>Resource Files</Filter>
    </Image>
    <Image Include="res\nav_large_hc.bmp">
      <Filter>Resource Files</Filter>
    </Image>
    <Image Include="res\pages.bmp">
      <Filter>Resource Files</Filter>
    </Image>
    <Image Include="res\pages_hc.bmp">
      <Filter>Resource Files</Filter>
    </Image>
    <Image Include="res\pages_small.bmp">
      <Filter>Resource Files</Filter>
    </Image>
    <Image Include="res\pages_small_hc.bmp">
      <Filter>Resource Files</Filter>
    </Image>
    <Image Include="res\info.bmp">
      <Filter>Resource Files</Filter>
    </Image>
    <Image Include="res\userimages.bmp">
      <Filter>Resource Files</Filter>
    </Image>
    <Image Include="res\BigJsonTreeViewMfcDoc.ico">
      <Filter>Resource Files</Filter>
    </Image>
    <Image Include="res\BigJsonTreeViewMfc.ico">
      <Filter>Resource Files</Filter>
    </Image>
    <Image Include="res\Toolbar.bmp">
      <Filter>Resource Files</Filter>
    </Image>
    <Image Include="res\Toolbar256.bmp">
      <Filter>Resource Files</Filter>
    </Image>
  </ItemGroup>
  <ItemGroup>
    <None Include="res\BigJsonTreeViewMfc.rc2">
      <Filter>Resource Files</Filter>
    </None>
    <None Include=".editorconfig" />
  </ItemGroup>
</Project>